// !$*UTF8*$!
{
	archiveVersion = 1;
	classes = {
	};
	objectVersion = 45;
	objects = {

/* Begin PBXAggregateTarget section */
		24416B8111C4CA220047AFDD /* Build & Test */ = {
			isa = PBXAggregateTarget;
			buildConfigurationList = 24416B8A11C4CA520047AFDD /* Build configuration list for PBXAggregateTarget "Build & Test" */;
			buildPhases = (
				24416B8011C4CA220047AFDD /* ShellScript */,
			);
			dependencies = (
				24416B8511C4CA280047AFDD /* PBXTargetDependency */,
			);
			name = "Build & Test";
			productName = "Build & test";
		};
/* End PBXAggregateTarget section */

/* Begin PBXBuildFile section */
		24DD6CF91134B3F500162E58 /* ComGetsocializeTitaniumiosModule.h in Headers */ = {isa = PBXBuildFile; fileRef = 24DD6CF71134B3F500162E58 /* ComGetsocializeTitaniumiosModule.h */; };
		24DD6CFA1134B3F500162E58 /* ComGetsocializeTitaniumiosModule.m in Sources */ = {isa = PBXBuildFile; fileRef = 24DD6CF81134B3F500162E58 /* ComGetsocializeTitaniumiosModule.m */; };
		24DE9E1111C5FE74003F90F6 /* ComGetsocializeTitaniumiosModuleAssets.h in Headers */ = {isa = PBXBuildFile; fileRef = 24DE9E0F11C5FE74003F90F6 /* ComGetsocializeTitaniumiosModuleAssets.h */; };
		24DE9E1211C5FE74003F90F6 /* ComGetsocializeTitaniumiosModuleAssets.m in Sources */ = {isa = PBXBuildFile; fileRef = 24DE9E1011C5FE74003F90F6 /* ComGetsocializeTitaniumiosModuleAssets.m */; };
		AA0FFC03149BED16002ABB8A /* ComGetsocializeTitaniumiosActionBar.h in Headers */ = {isa = PBXBuildFile; fileRef = AA0FFC01149BED16002ABB8A /* ComGetsocializeTitaniumiosActionBar.h */; };
		AA0FFC04149BED16002ABB8A /* ComGetsocializeTitaniumiosActionBar.m in Sources */ = {isa = PBXBuildFile; fileRef = AA0FFC02149BED16002ABB8A /* ComGetsocializeTitaniumiosActionBar.m */; };
		AA0FFC08149BEE22002ABB8A /* ComGetsocializeTitaniumiosActionBarProxy.h in Headers */ = {isa = PBXBuildFile; fileRef = AA0FFC06149BEE22002ABB8A /* ComGetsocializeTitaniumiosActionBarProxy.h */; };
		AA0FFC09149BEE22002ABB8A /* ComGetsocializeTitaniumiosActionBarProxy.m in Sources */ = {isa = PBXBuildFile; fileRef = AA0FFC07149BEE22002ABB8A /* ComGetsocializeTitaniumiosActionBarProxy.m */; };
		AA747D9F0F9514B9006C5449 /* ComGetsocializeTitaniumios_Prefix.pch in Headers */ = {isa = PBXBuildFile; fileRef = AA747D9E0F9514B9006C5449 /* ComGetsocializeTitaniumios_Prefix.pch */; };
		AACBBE4A0F95108600F1A2B1 /* Foundation.framework in Frameworks */ = {isa = PBXBuildFile; fileRef = AACBBE490F95108600F1A2B1 /* Foundation.framework */; };
		AAE55DDC14A42DDD0034E1CB /* Socialize.framework in Frameworks */ = {isa = PBXBuildFile; fileRef = AAE55DDB14A42DDD0034E1CB /* Socialize.framework */; };
/* End PBXBuildFile section */

/* Begin PBXContainerItemProxy section */
		24416B8411C4CA280047AFDD /* PBXContainerItemProxy */ = {
			isa = PBXContainerItemProxy;
			containerPortal = 0867D690FE84028FC02AAC07 /* Project object */;
			proxyType = 1;
			remoteGlobalIDString = D2AAC07D0554694100DB518D;
			remoteInfo = socializeiostitanium;
		};
/* End PBXContainerItemProxy section */

/* Begin PBXFileReference section */
		24DD6CF71134B3F500162E58 /* ComGetsocializeTitaniumiosModule.h */ = {isa = PBXFileReference; fileEncoding = 4; lastKnownFileType = sourcecode.c.h; name = ComGetsocializeTitaniumiosModule.h; path = Classes/ComGetsocializeTitaniumiosModule.h; sourceTree = "<group>"; };
		24DD6CF81134B3F500162E58 /* ComGetsocializeTitaniumiosModule.m */ = {isa = PBXFileReference; fileEncoding = 4; lastKnownFileType = sourcecode.c.objc; name = ComGetsocializeTitaniumiosModule.m; path = Classes/ComGetsocializeTitaniumiosModule.m; sourceTree = "<group>"; };
		24DD6D1B1134B66800162E58 /* titanium.xcconfig */ = {isa = PBXFileReference; fileEncoding = 4; lastKnownFileType = text.xcconfig; path = titanium.xcconfig; sourceTree = "<group>"; };
		24DE9E0F11C5FE74003F90F6 /* ComGetsocializeTitaniumiosModuleAssets.h */ = {isa = PBXFileReference; fileEncoding = 4; lastKnownFileType = sourcecode.c.h; name = ComGetsocializeTitaniumiosModuleAssets.h; path = Classes/ComGetsocializeTitaniumiosModuleAssets.h; sourceTree = "<group>"; };
		24DE9E1011C5FE74003F90F6 /* ComGetsocializeTitaniumiosModuleAssets.m */ = {isa = PBXFileReference; fileEncoding = 4; lastKnownFileType = sourcecode.c.objc; name = ComGetsocializeTitaniumiosModuleAssets.m; path = Classes/ComGetsocializeTitaniumiosModuleAssets.m; sourceTree = "<group>"; };
		AA0FFC01149BED16002ABB8A /* ComGetsocializeTitaniumiosActionBar.h */ = {isa = PBXFileReference; fileEncoding = 4; lastKnownFileType = sourcecode.c.h; name = ComGetsocializeTitaniumiosActionBar.h; path = Classes/ComGetsocializeTitaniumiosActionBar.h; sourceTree = "<group>"; };
		AA0FFC02149BED16002ABB8A /* ComGetsocializeTitaniumiosActionBar.m */ = {isa = PBXFileReference; fileEncoding = 4; lastKnownFileType = sourcecode.c.objc; name = ComGetsocializeTitaniumiosActionBar.m; path = Classes/ComGetsocializeTitaniumiosActionBar.m; sourceTree = "<group>"; };
		AA0FFC06149BEE22002ABB8A /* ComGetsocializeTitaniumiosActionBarProxy.h */ = {isa = PBXFileReference; fileEncoding = 4; lastKnownFileType = sourcecode.c.h; name = ComGetsocializeTitaniumiosActionBarProxy.h; path = Classes/ComGetsocializeTitaniumiosActionBarProxy.h; sourceTree = "<group>"; };
		AA0FFC07149BEE22002ABB8A /* ComGetsocializeTitaniumiosActionBarProxy.m */ = {isa = PBXFileReference; fileEncoding = 4; lastKnownFileType = sourcecode.c.objc; name = ComGetsocializeTitaniumiosActionBarProxy.m; path = Classes/ComGetsocializeTitaniumiosActionBarProxy.m; sourceTree = "<group>"; };
		AA747D9E0F9514B9006C5449 /* ComGetsocializeTitaniumios_Prefix.pch */ = {isa = PBXFileReference; fileEncoding = 4; lastKnownFileType = sourcecode.c.h; path = ComGetsocializeTitaniumios_Prefix.pch; sourceTree = SOURCE_ROOT; };
		AACBBE490F95108600F1A2B1 /* Foundation.framework */ = {isa = PBXFileReference; lastKnownFileType = wrapper.framework; name = Foundation.framework; path = System/Library/Frameworks/Foundation.framework; sourceTree = SDKROOT; };
		AAE55DDB14A42DDD0034E1CB /* Socialize.framework */ = {isa = PBXFileReference; lastKnownFileType = wrapper.framework; name = Socialize.framework; path = "Frameworks/socialize-sdk-ios/build/Socialize.embeddedframework/Socialize.framework"; sourceTree = "<group>"; };
		D2AAC07E0554694100DB518D /* libComGetsocializeTitaniumios.a */ = {isa = PBXFileReference; explicitFileType = archive.ar; includeInIndex = 0; path = libComGetsocializeTitaniumios.a; sourceTree = BUILT_PRODUCTS_DIR; };
/* End PBXFileReference section */

/* Begin PBXFrameworksBuildPhase section */
		D2AAC07C0554694100DB518D /* Frameworks */ = {
			isa = PBXFrameworksBuildPhase;
			buildActionMask = 2147483647;
			files = (
				AACBBE4A0F95108600F1A2B1 /* Foundation.framework in Frameworks */,
				AAE55DDC14A42DDD0034E1CB /* Socialize.framework in Frameworks */,
			);
			runOnlyForDeploymentPostprocessing = 0;
		};
/* End PBXFrameworksBuildPhase section */

/* Begin PBXGroup section */
		034768DFFF38A50411DB9C8B /* Products */ = {
			isa = PBXGroup;
			children = (
				D2AAC07E0554694100DB518D /* libComGetsocializeTitaniumios.a */,
			);
			name = Products;
			sourceTree = "<group>";
		};
		0867D691FE84028FC02AAC07 /* socializeiostitanium */ = {
			isa = PBXGroup;
			children = (
				08FB77AEFE84172EC02AAC07 /* Classes */,
				32C88DFF0371C24200C91783 /* Other Sources */,
				0867D69AFE84028FC02AAC07 /* Frameworks */,
				034768DFFF38A50411DB9C8B /* Products */,
			);
			name = socializeiostitanium;
			sourceTree = "<group>";
		};
		0867D69AFE84028FC02AAC07 /* Frameworks */ = {
			isa = PBXGroup;
			children = (
				AAE55DDB14A42DDD0034E1CB /* Socialize.framework */,
				AACBBE490F95108600F1A2B1 /* Foundation.framework */,
			);
			name = Frameworks;
			sourceTree = "<group>";
		};
		08FB77AEFE84172EC02AAC07 /* Classes */ = {
			isa = PBXGroup;
			children = (
				24DE9E0F11C5FE74003F90F6 /* ComGetsocializeTitaniumiosModuleAssets.h */,
				24DE9E1011C5FE74003F90F6 /* ComGetsocializeTitaniumiosModuleAssets.m */,
				24DD6CF71134B3F500162E58 /* ComGetsocializeTitaniumiosModule.h */,
				24DD6CF81134B3F500162E58 /* ComGetsocializeTitaniumiosModule.m */,
				AA0FFC01149BED16002ABB8A /* ComGetsocializeTitaniumiosActionBar.h */,
				AA0FFC02149BED16002ABB8A /* ComGetsocializeTitaniumiosActionBar.m */,
				AA0FFC06149BEE22002ABB8A /* ComGetsocializeTitaniumiosActionBarProxy.h */,
				AA0FFC07149BEE22002ABB8A /* ComGetsocializeTitaniumiosActionBarProxy.m */,
			);
			name = Classes;
			sourceTree = "<group>";
		};
		32C88DFF0371C24200C91783 /* Other Sources */ = {
			isa = PBXGroup;
			children = (
				AA747D9E0F9514B9006C5449 /* ComGetsocializeTitaniumios_Prefix.pch */,
				24DD6D1B1134B66800162E58 /* titanium.xcconfig */,
			);
			name = "Other Sources";
			sourceTree = "<group>";
		};
/* End PBXGroup section */

/* Begin PBXHeadersBuildPhase section */
		D2AAC07A0554694100DB518D /* Headers */ = {
			isa = PBXHeadersBuildPhase;
			buildActionMask = 2147483647;
			files = (
				AA747D9F0F9514B9006C5449 /* ComGetsocializeTitaniumios_Prefix.pch in Headers */,
				24DD6CF91134B3F500162E58 /* ComGetsocializeTitaniumiosModule.h in Headers */,
				24DE9E1111C5FE74003F90F6 /* ComGetsocializeTitaniumiosModuleAssets.h in Headers */,
				AA0FFC03149BED16002ABB8A /* ComGetsocializeTitaniumiosActionBar.h in Headers */,
				AA0FFC08149BEE22002ABB8A /* ComGetsocializeTitaniumiosActionBarProxy.h in Headers */,
			);
			runOnlyForDeploymentPostprocessing = 0;
		};
/* End PBXHeadersBuildPhase section */

/* Begin PBXNativeTarget section */
		D2AAC07D0554694100DB518D /* socializeiostitanium */ = {
			isa = PBXNativeTarget;
			buildConfigurationList = 1DEB921E08733DC00010E9CD /* Build configuration list for PBXNativeTarget "socializeiostitanium" */;
			buildPhases = (
				D2AAC07A0554694100DB518D /* Headers */,
				D2AAC07B0554694100DB518D /* Sources */,
				D2AAC07C0554694100DB518D /* Frameworks */,
			);
			buildRules = (
			);
			dependencies = (
			);
			name = socializeiostitanium;
			productName = socializeiostitanium;
			productReference = D2AAC07E0554694100DB518D /* libComGetsocializeTitaniumios.a */;
			productType = "com.apple.product-type.library.static";
		};
/* End PBXNativeTarget section */

/* Begin PBXProject section */
		0867D690FE84028FC02AAC07 /* Project object */ = {
			isa = PBXProject;
			attributes = {
				LastUpgradeCheck = 0420;
			};
			buildConfigurationList = 1DEB922208733DC00010E9CD /* Build configuration list for PBXProject "socializeiostitanium" */;
			compatibilityVersion = "Xcode 3.1";
			developmentRegion = English;
			hasScannedForEncodings = 1;
			knownRegions = (
				English,
				Japanese,
				French,
				German,
			);
			mainGroup = 0867D691FE84028FC02AAC07 /* socializeiostitanium */;
			productRefGroup = 034768DFFF38A50411DB9C8B /* Products */;
			projectDirPath = "";
			projectRoot = "";
			targets = (
				D2AAC07D0554694100DB518D /* socializeiostitanium */,
				24416B8111C4CA220047AFDD /* Build & Test */,
			);
		};
/* End PBXProject section */

/* Begin PBXShellScriptBuildPhase section */
		24416B8011C4CA220047AFDD /* ShellScript */ = {
			isa = PBXShellScriptBuildPhase;
			buildActionMask = 2147483647;
			files = (
			);
			inputPaths = (
			);
			outputPaths = (
			);
			runOnlyForDeploymentPostprocessing = 0;
			shellPath = /bin/sh;
			shellScript = "# shell script goes here\n\npython \"${TITANIUM_SDK}/titanium.py\" run --dir=\"${PROJECT_DIR}\"\nexit $?\n";
		};
/* End PBXShellScriptBuildPhase section */

/* Begin PBXSourcesBuildPhase section */
		D2AAC07B0554694100DB518D /* Sources */ = {
			isa = PBXSourcesBuildPhase;
			buildActionMask = 2147483647;
			files = (
				24DD6CFA1134B3F500162E58 /* ComGetsocializeTitaniumiosModule.m in Sources */,
				24DE9E1211C5FE74003F90F6 /* ComGetsocializeTitaniumiosModuleAssets.m in Sources */,
				AA0FFC04149BED16002ABB8A /* ComGetsocializeTitaniumiosActionBar.m in Sources */,
				AA0FFC09149BEE22002ABB8A /* ComGetsocializeTitaniumiosActionBarProxy.m in Sources */,
			);
			runOnlyForDeploymentPostprocessing = 0;
		};
/* End PBXSourcesBuildPhase section */

/* Begin PBXTargetDependency section */
		24416B8511C4CA280047AFDD /* PBXTargetDependency */ = {
			isa = PBXTargetDependency;
			target = D2AAC07D0554694100DB518D /* socializeiostitanium */;
			targetProxy = 24416B8411C4CA280047AFDD /* PBXContainerItemProxy */;
		};
/* End PBXTargetDependency section */

/* Begin XCBuildConfiguration section */
		1DEB921F08733DC00010E9CD /* Debug */ = {
			isa = XCBuildConfiguration;
			baseConfigurationReference = 24DD6D1B1134B66800162E58 /* titanium.xcconfig */;
			buildSettings = {
				ALWAYS_SEARCH_USER_PATHS = NO;
				ARCHS = (
					armv6,
					"$(ARCHS_STANDARD_32_BIT)",
				);
				COPY_PHASE_STRIP = NO;
				DSTROOT = /tmp/ComGetsocializeTitaniumios.dst;
				FRAMEWORK_SEARCH_PATHS = (
					"$(inherited)",
					"\"$(SRCROOT)/Socialize.embeddedframework\"",
					"\"$(SRCROOT)\"",
					"\"$(SRCROOT)/Frameworks/socialize-sdk-ios/build/Socialize.embeddedframework\"",
				);
				GCC_DYNAMIC_NO_PIC = NO;
				GCC_MODEL_TUNING = G5;
				GCC_OPTIMIZATION_LEVEL = 0;
				GCC_PRECOMPILE_PREFIX_HEADER = YES;
				GCC_PREFIX_HEADER = ComGetsocializeTitaniumios_Prefix.pch;
				INSTALL_PATH = /usr/local/lib;
				PRODUCT_NAME = ComGetsocializeTitaniumios;
			};
			name = Debug;
		};
		1DEB922008733DC00010E9CD /* Release */ = {
			isa = XCBuildConfiguration;
			baseConfigurationReference = 24DD6D1B1134B66800162E58 /* titanium.xcconfig */;
			buildSettings = {
				ALWAYS_SEARCH_USER_PATHS = NO;
				ARCHS = (
					armv6,
					"$(ARCHS_STANDARD_32_BIT)",
				);
				DSTROOT = /tmp/ComGetsocializeTitaniumios.dst;
				FRAMEWORK_SEARCH_PATHS = (
					"$(inherited)",
					"\"$(SRCROOT)/Socialize.embeddedframework\"",
					"\"$(SRCROOT)\"",
					"\"$(SRCROOT)/Frameworks/socialize-sdk-ios/build/Socialize.embeddedframework\"",
				);
				GCC_MODEL_TUNING = G5;
				GCC_PRECOMPILE_PREFIX_HEADER = YES;
				GCC_PREFIX_HEADER = ComGetsocializeTitaniumios_Prefix.pch;
				INSTALL_PATH = /usr/local/lib;
				PRODUCT_NAME = ComGetsocializeTitaniumios;
			};
			name = Release;
		};
		1DEB922308733DC00010E9CD /* Debug */ = {
			isa = XCBuildConfiguration;
			baseConfigurationReference = 24DD6D1B1134B66800162E58 /* titanium.xcconfig */;
			buildSettings = {
				ARCHS = "$(ARCHS_STANDARD_32_BIT)";
				GCC_C_LANGUAGE_STANDARD = c99;
				GCC_OPTIMIZATION_LEVEL = 0;
				GCC_WARN_ABOUT_RETURN_TYPE = YES;
				GCC_WARN_UNUSED_VARIABLE = YES;
				SDKROOT = iphoneos;
			};
			name = Debug;
		};
		1DEB922408733DC00010E9CD /* Release */ = {
			isa = XCBuildConfiguration;
			baseConfigurationReference = 24DD6D1B1134B66800162E58 /* titanium.xcconfig */;
			buildSettings = {
				ARCHS = "$(ARCHS_STANDARD_32_BIT)";
				GCC_C_LANGUAGE_STANDARD = c99;
				GCC_WARN_ABOUT_RETURN_TYPE = YES;
				GCC_WARN_UNUSED_VARIABLE = YES;
				SDKROOT = iphoneos;
			};
			name = Release;
		};
		24416B8211C4CA220047AFDD /* Debug */ = {
			isa = XCBuildConfiguration;
			baseConfigurationReference = 24DD6D1B1134B66800162E58 /* titanium.xcconfig */;
			buildSettings = {
				COPY_PHASE_STRIP = NO;
				GCC_DYNAMIC_NO_PIC = NO;
				GCC_OPTIMIZATION_LEVEL = 0;
				PRODUCT_NAME = "Build & test";
			};
			name = Debug;
		};
		24416B8311C4CA220047AFDD /* Release */ = {
			isa = XCBuildConfiguration;
			baseConfigurationReference = 24DD6D1B1134B66800162E58 /* titanium.xcconfig */;
			buildSettings = {
				COPY_PHASE_STRIP = YES;
				DEBUG_INFORMATION_FORMAT = "dwarf-with-dsym";
				PRODUCT_NAME = "Build & test";
				ZERO_LINK = NO;
			};
			name = Release;
		};
/* End XCBuildConfiguration section */

/* Begin XCConfigurationList section */
		1DEB921E08733DC00010E9CD /* Build configuration list for PBXNativeTarget "socializeiostitanium" */ = {
			isa = XCConfigurationList;
			buildConfigurations = (
				1DEB921F08733DC00010E9CD /* Debug */,
				1DEB922008733DC00010E9CD /* Release */,
			);
			defaultConfigurationIsVisible = 0;
			defaultConfigurationName = Release;
		};
		1DEB922208733DC00010E9CD /* Build configuration list for PBXProject "socializeiostitanium" */ = {
			isa = XCConfigurationList;
			buildConfigurations = (
				1DEB922308733DC00010E9CD /* Debug */,
				1DEB922408733DC00010E9CD /* Release */,
			);
			defaultConfigurationIsVisible = 0;
			defaultConfigurationName = Release;
		};
		24416B8A11C4CA520047AFDD /* Build configuration list for PBXAggregateTarget "Build & Test" */ = {
			isa = XCConfigurationList;
			buildConfigurations = (
				24416B8211C4CA220047AFDD /* Debug */,
				24416B8311C4CA220047AFDD /* Release */,
			);
			defaultConfigurationIsVisible = 0;
			defaultConfigurationName = Release;
		};
/* End XCConfigurationList section */
	};
	rootObject = 0867D690FE84028FC02AAC07 /* Project object */;
}
